
Microsoft Visual Studio Solution File, Format Version 12.00
# Visual Studio Version 16
VisualStudioVersion = 16.0.32228.343
MinimumVisualStudioVersion = 10.0.40219.1
Project("{FAE04EC0-301F-11D3-BF4B-00C04F79EFBC}") = "PersonasEF2022", "PersonasEF2022\PersonasEF2022.csproj", "{15480082-406F-4F28-935D-2558C4BD3566}"
EndProject
Global
	GlobalSection(SolutionConfigurationPlatforms) = preSolution
		Debug|Any CPU = Debug|Any CPU
		Release|Any CPU = Release|Any CPU
	EndGlobalSection
	GlobalSection(ProjectConfigurationPlatforms) = postSolution
		{15480082-406F-4F28-935D-2558C4BD3566}.Debug|Any CPU.ActiveCfg = Debug|Any CPU
		{15480082-406F-4F28-935D-2558C4BD3566}.Debug|Any CPU.Build.0 = Debug|Any CPU
		{15480082-406F-4F28-935D-2558C4BD3566}.Release|Any CPU.ActiveCfg = Release|Any CPU
		{15480082-406F-4F28-935D-2558C4BD3566}.Release|Any CPU.Build.0 = Release|Any CPU
	EndGlobalSection
	GlobalSection(SolutionProperties) = preSolution
		HideSolutionNode = FALSE
	EndGlobalSection
	GlobalSection(ExtensibilityGlobals) = postSolution
		SolutionGuid = {94405F2E-F774-4E48-9B0D-F738BC736719}
	EndGlobalSection
EndGlobal
